
Microsoft Visual Studio Solution File, Format Version 12.00
# Visual Studio Version 17
VisualStudioVersion = 17.4.33205.214
MinimumVisualStudioVersion = 10.0.40219.1
Project("{9A19103F-16F7-4668-BE54-9A1E7A4F7556}") = "DoAnMonWeb3", "DoAnMonWeb3\DoAnMonWeb3.csproj", "{49FC9864-D051-41D0-AE6F-8E66CD4B3FCD}"
EndProject
Global
	GlobalSection(SolutionConfigurationPlatforms) = preSolution
		Debug|Any CPU = Debug|Any CPU
		Release|Any CPU = Release|Any CPU
	EndGlobalSection
	GlobalSection(ProjectConfigurationPlatforms) = postSolution
		{49FC9864-D051-41D0-AE6F-8E66CD4B3FCD}.Debug|Any CPU.ActiveCfg = Debug|Any CPU
		{49FC9864-D051-41D0-AE6F-8E66CD4B3FCD}.Debug|Any CPU.Build.0 = Debug|Any CPU
		{49FC9864-D051-41D0-AE6F-8E66CD4B3FCD}.Release|Any CPU.ActiveCfg = Release|Any CPU
		{49FC9864-D051-41D0-AE6F-8E66CD4B3FCD}.Release|Any CPU.Build.0 = Release|Any CPU
	EndGlobalSection
	GlobalSection(SolutionProperties) = preSolution
		HideSolutionNode = FALSE
	EndGlobalSection
	GlobalSection(ExtensibilityGlobals) = postSolution
		SolutionGuid = {D47E7DCF-75E0-4E78-B21C-D3DA6B37A73E}
	EndGlobalSection
EndGlobal
